<?xml version="1.0" encoding="UTF-8"?>
<CodeBlocks_project_file>
	<FileVersion major="1" minor="6"/>
	<Project>
		<Option title="Tls401RfidCcdDemo"/>
		<Option makefile_is_custom="1"/>
		<Option compiler="msvc8"/>
		<Option virtualFolders="CMake Files\;CMake Files\..\;CMake Files\..\..\;CMake Files\..\..\QT5\;CMake Files\..\..\QT5\5.14.2\;CMake Files\..\..\QT5\5.14.2\msvc2017\;CMake Files\..\..\QT5\5.14.2\msvc2017\lib\;CMake Files\..\..\QT5\5.14.2\msvc2017\lib\cmake\;CMake Files\..\..\QT5\5.14.2\msvc2017\lib\cmake\Qt5\;CMake Files\..\..\QT5\5.14.2\msvc2017\lib\cmake\Qt5Core\;CMake Files\..\..\QT5\5.14.2\msvc2017\lib\cmake\Qt5Gui\;CMake Files\..\..\QT5\5.14.2\msvc2017\lib\cmake\Qt5Widgets\;CMake Files\..\..\QT5\5.14.2\msvc2017\lib\cmake\Qt5Sql\;CMake Files\..\..\QT5\5.14.2\msvc2017\lib\cmake\Qt5Test\;CMake Files\cmake\;CMake Files\resources\;"/>
		<Build>
			<Target title="all">
				<Option working_dir="D:/Gitee.code/401_-demo"/>
				<Option type="4"/>
				<MakeCommands>
					<Build command="C:/PROGRA~1/MICROS~4/2022/COMMUN~1/Common7/IDE/COMMON~1/MICROS~1/CMake/Ninja/ninja.exe -v all"/>
					<CompileFile command="C:/PROGRA~1/MICROS~4/2022/COMMUN~1/Common7/IDE/COMMON~1/MICROS~1/CMake/Ninja/ninja.exe -v &quot;$file&quot;"/>
					<Clean command="C:/PROGRA~1/MICROS~4/2022/COMMUN~1/Common7/IDE/COMMON~1/MICROS~1/CMake/Ninja/ninja.exe -v clean"/>
					<DistClean command="C:/PROGRA~1/MICROS~4/2022/COMMUN~1/Common7/IDE/COMMON~1/MICROS~1/CMake/Ninja/ninja.exe -v clean"/>
				</MakeCommands>
			</Target>
			<Target title="Experimental">
				<Option working_dir="D:/Gitee.code/401_-demo"/>
				<Option type="4"/>
				<MakeCommands>
					<Build command="C:/PROGRA~1/MICROS~4/2022/COMMUN~1/Common7/IDE/COMMON~1/MICROS~1/CMake/Ninja/ninja.exe -v Experimental"/>
					<CompileFile command="C:/PROGRA~1/MICROS~4/2022/COMMUN~1/Common7/IDE/COMMON~1/MICROS~1/CMake/Ninja/ninja.exe -v &quot;$file&quot;"/>
					<Clean command="C:/PROGRA~1/MICROS~4/2022/COMMUN~1/Common7/IDE/COMMON~1/MICROS~1/CMake/Ninja/ninja.exe -v clean"/>
					<DistClean command="C:/PROGRA~1/MICROS~4/2022/COMMUN~1/Common7/IDE/COMMON~1/MICROS~1/CMake/Ninja/ninja.exe -v clean"/>
				</MakeCommands>
			</Target>
			<Target title="Nightly">
				<Option working_dir="D:/Gitee.code/401_-demo"/>
				<Option type="4"/>
				<MakeCommands>
					<Build command="C:/PROGRA~1/MICROS~4/2022/COMMUN~1/Common7/IDE/COMMON~1/MICROS~1/CMake/Ninja/ninja.exe -v Nightly"/>
					<CompileFile command="C:/PROGRA~1/MICROS~4/2022/COMMUN~1/Common7/IDE/COMMON~1/MICROS~1/CMake/Ninja/ninja.exe -v &quot;$file&quot;"/>
					<Clean command="C:/PROGRA~1/MICROS~4/2022/COMMUN~1/Common7/IDE/COMMON~1/MICROS~1/CMake/Ninja/ninja.exe -v clean"/>
					<DistClean command="C:/PROGRA~1/MICROS~4/2022/COMMUN~1/Common7/IDE/COMMON~1/MICROS~1/CMake/Ninja/ninja.exe -v clean"/>
				</MakeCommands>
			</Target>
			<Target title="Continuous">
				<Option working_dir="D:/Gitee.code/401_-demo"/>
				<Option type="4"/>
				<MakeCommands>
					<Build command="C:/PROGRA~1/MICROS~4/2022/COMMUN~1/Common7/IDE/COMMON~1/MICROS~1/CMake/Ninja/ninja.exe -v Continuous"/>
					<CompileFile command="C:/PROGRA~1/MICROS~4/2022/COMMUN~1/Common7/IDE/COMMON~1/MICROS~1/CMake/Ninja/ninja.exe -v &quot;$file&quot;"/>
					<Clean command="C:/PROGRA~1/MICROS~4/2022/COMMUN~1/Common7/IDE/COMMON~1/MICROS~1/CMake/Ninja/ninja.exe -v clean"/>
					<DistClean command="C:/PROGRA~1/MICROS~4/2022/COMMUN~1/Common7/IDE/COMMON~1/MICROS~1/CMake/Ninja/ninja.exe -v clean"/>
				</MakeCommands>
			</Target>
			<Target title="tls401_demo">
				<Option output="D:/Gitee.code/401_-demo/tls401_demo.exe" prefix_auto="0" extension_auto="0"/>
				<Option working_dir="D:/Gitee.code/401_-demo"/>
				<Option object_output="./"/>
				<Option type="0"/>
				<Option compiler="msvc8"/>
				<Compiler>
					<Add option="-DTLS401_HAS_RFID_SDK"/>
					<Add option="-DTLS401_HAS_IDS_PEAK"/>
					<Add option="-DQT_CORE_LIB"/>
					<Add option="-DQT_GUI_LIB"/>
					<Add option="-DQT_WIDGETS_LIB"/>
					<Add option="-DQT_SQL_LIB"/>
					<Add directory="D:/Gitee.code/401_-demo/tls401_demo_autogen/include"/>
					<Add directory="D:/Gitee.code/401_-demo/src"/>
					<Add directory="D:/QT5/5.14.2/msvc2017/include"/>
					<Add directory="D:/QT5/5.14.2/msvc2017/include/QtCore"/>
					<Add directory="D:/QT5/5.14.2/msvc2017/./mkspecs/win32-msvc"/>
					<Add directory="D:/QT5/5.14.2/msvc2017/include/QtGui"/>
					<Add directory="D:/QT5/5.14.2/msvc2017/include/QtANGLE"/>
					<Add directory="D:/QT5/5.14.2/msvc2017/include/QtWidgets"/>
					<Add directory="D:/QT5/5.14.2/msvc2017/include/QtSql"/>
					<Add directory="D:/Gitee.code/qt-learning/code/hf_R-Tool/QT_project/hf_tagaccess/c++_lib/inc"/>
					<Add directory="C:/Program Files/IDS/ids_peak/generic_sdk/api/include"/>
					<Add directory="C:/Program Files/IDS/ids_peak/generic_sdk/ipl/include"/>
					<Add directory="C:/Program Files/IDS/ids_peak/common/include"/>
					<Add directory="D:\Program Files (x86)\Microsoft Visual Studio\2017\Community\VC\Tools\MSVC\14.16.27023\ATLMFC\include"/>
					<Add directory="D:\Program Files (x86)\Microsoft Visual Studio\2017\Community\VC\Tools\MSVC\14.16.27023\include"/>
					<Add directory="D:\Windows Kits\10\include\10.0.26100.0\ucrt"/>
					<Add directory="D:\Windows Kits\10\include\10.0.26100.0\shared"/>
					<Add directory="D:\Windows Kits\10\include\10.0.26100.0\um"/>
					<Add directory="D:\Windows Kits\10\include\10.0.26100.0\winrt"/>
					<Add directory="D:\Windows Kits\10\include\10.0.26100.0\cppwinrt"/>
				</Compiler>
				<MakeCommands>
					<Build command="C:/PROGRA~1/MICROS~4/2022/COMMUN~1/Common7/IDE/COMMON~1/MICROS~1/CMake/Ninja/ninja.exe -v tls401_demo"/>
					<CompileFile command="C:/PROGRA~1/MICROS~4/2022/COMMUN~1/Common7/IDE/COMMON~1/MICROS~1/CMake/Ninja/ninja.exe -v &quot;$file&quot;"/>
					<Clean command="C:/PROGRA~1/MICROS~4/2022/COMMUN~1/Common7/IDE/COMMON~1/MICROS~1/CMake/Ninja/ninja.exe -v clean"/>
					<DistClean command="C:/PROGRA~1/MICROS~4/2022/COMMUN~1/Common7/IDE/COMMON~1/MICROS~1/CMake/Ninja/ninja.exe -v clean"/>
				</MakeCommands>
			</Target>
			<Target title="tls401_demo/fast">
				<Option output="D:/Gitee.code/401_-demo/tls401_demo.exe" prefix_auto="0" extension_auto="0"/>
				<Option working_dir="D:/Gitee.code/401_-demo"/>
				<Option object_output="./"/>
				<Option type="0"/>
				<Option compiler="msvc8"/>
				<Compiler>
					<Add option="-DTLS401_HAS_RFID_SDK"/>
					<Add option="-DTLS401_HAS_IDS_PEAK"/>
					<Add option="-DQT_CORE_LIB"/>
					<Add option="-DQT_GUI_LIB"/>
					<Add option="-DQT_WIDGETS_LIB"/>
					<Add option="-DQT_SQL_LIB"/>
					<Add directory="D:/Gitee.code/401_-demo/tls401_demo_autogen/include"/>
					<Add directory="D:/Gitee.code/401_-demo/src"/>
					<Add directory="D:/QT5/5.14.2/msvc2017/include"/>
					<Add directory="D:/QT5/5.14.2/msvc2017/include/QtCore"/>
					<Add directory="D:/QT5/5.14.2/msvc2017/./mkspecs/win32-msvc"/>
					<Add directory="D:/QT5/5.14.2/msvc2017/include/QtGui"/>
					<Add directory="D:/QT5/5.14.2/msvc2017/include/QtANGLE"/>
					<Add directory="D:/QT5/5.14.2/msvc2017/include/QtWidgets"/>
					<Add directory="D:/QT5/5.14.2/msvc2017/include/QtSql"/>
					<Add directory="D:/Gitee.code/qt-learning/code/hf_R-Tool/QT_project/hf_tagaccess/c++_lib/inc"/>
					<Add directory="C:/Program Files/IDS/ids_peak/generic_sdk/api/include"/>
					<Add directory="C:/Program Files/IDS/ids_peak/generic_sdk/ipl/include"/>
					<Add directory="C:/Program Files/IDS/ids_peak/common/include"/>
					<Add directory="D:\Program Files (x86)\Microsoft Visual Studio\2017\Community\VC\Tools\MSVC\14.16.27023\ATLMFC\include"/>
					<Add directory="D:\Program Files (x86)\Microsoft Visual Studio\2017\Community\VC\Tools\MSVC\14.16.27023\include"/>
					<Add directory="D:\Windows Kits\10\include\10.0.26100.0\ucrt"/>
					<Add directory="D:\Windows Kits\10\include\10.0.26100.0\shared"/>
					<Add directory="D:\Windows Kits\10\include\10.0.26100.0\um"/>
					<Add directory="D:\Windows Kits\10\include\10.0.26100.0\winrt"/>
					<Add directory="D:\Windows Kits\10\include\10.0.26100.0\cppwinrt"/>
				</Compiler>
				<MakeCommands>
					<Build command="C:/PROGRA~1/MICROS~4/2022/COMMUN~1/Common7/IDE/COMMON~1/MICROS~1/CMake/Ninja/ninja.exe -v tls401_demo/fast"/>
					<CompileFile command="C:/PROGRA~1/MICROS~4/2022/COMMUN~1/Common7/IDE/COMMON~1/MICROS~1/CMake/Ninja/ninja.exe -v &quot;$file&quot;"/>
					<Clean command="C:/PROGRA~1/MICROS~4/2022/COMMUN~1/Common7/IDE/COMMON~1/MICROS~1/CMake/Ninja/ninja.exe -v clean"/>
					<DistClean command="C:/PROGRA~1/MICROS~4/2022/COMMUN~1/Common7/IDE/COMMON~1/MICROS~1/CMake/Ninja/ninja.exe -v clean"/>
				</MakeCommands>
			</Target>
			<Target title="deploy_runtime">
				<Option working_dir="D:/Gitee.code/401_-demo"/>
				<Option type="4"/>
				<MakeCommands>
					<Build command="C:/PROGRA~1/MICROS~4/2022/COMMUN~1/Common7/IDE/COMMON~1/MICROS~1/CMake/Ninja/ninja.exe -v deploy_runtime"/>
					<CompileFile command="C:/PROGRA~1/MICROS~4/2022/COMMUN~1/Common7/IDE/COMMON~1/MICROS~1/CMake/Ninja/ninja.exe -v &quot;$file&quot;"/>
					<Clean command="C:/PROGRA~1/MICROS~4/2022/COMMUN~1/Common7/IDE/COMMON~1/MICROS~1/CMake/Ninja/ninja.exe -v clean"/>
					<DistClean command="C:/PROGRA~1/MICROS~4/2022/COMMUN~1/Common7/IDE/COMMON~1/MICROS~1/CMake/Ninja/ninja.exe -v clean"/>
				</MakeCommands>
			</Target>
			<Target title="dependency_probe">
				<Option output="D:/Gitee.code/401_-demo/dependency_probe.exe" prefix_auto="0" extension_auto="0"/>
				<Option working_dir="D:/Gitee.code/401_-demo"/>
				<Option object_output="./"/>
				<Option type="1"/>
				<Option compiler="msvc8"/>
				<Compiler>
					<Add option="-DTLS401_HAS_RFID_SDK"/>
					<Add option="-DTLS401_HAS_IDS_PEAK"/>
					<Add option="-DQT_CORE_LIB"/>
					<Add option="-DQT_WIDGETS_LIB"/>
					<Add option="-DQT_GUI_LIB"/>
					<Add option="-DQT_SQL_LIB"/>
					<Add directory="D:/Gitee.code/401_-demo/dependency_probe_autogen/include"/>
					<Add directory="D:/QT5/5.14.2/msvc2017/include"/>
					<Add directory="D:/QT5/5.14.2/msvc2017/include/QtCore"/>
					<Add directory="D:/QT5/5.14.2/msvc2017/./mkspecs/win32-msvc"/>
					<Add directory="D:/QT5/5.14.2/msvc2017/include/QtWidgets"/>
					<Add directory="D:/QT5/5.14.2/msvc2017/include/QtGui"/>
					<Add directory="D:/QT5/5.14.2/msvc2017/include/QtANGLE"/>
					<Add directory="D:/QT5/5.14.2/msvc2017/include/QtSql"/>
					<Add directory="D:/Gitee.code/qt-learning/code/hf_R-Tool/QT_project/hf_tagaccess/c++_lib/inc"/>
					<Add directory="C:/Program Files/IDS/ids_peak/generic_sdk/api/include"/>
					<Add directory="C:/Program Files/IDS/ids_peak/generic_sdk/ipl/include"/>
					<Add directory="C:/Program Files/IDS/ids_peak/common/include"/>
					<Add directory="D:\Program Files (x86)\Microsoft Visual Studio\2017\Community\VC\Tools\MSVC\14.16.27023\ATLMFC\include"/>
					<Add directory="D:\Program Files (x86)\Microsoft Visual Studio\2017\Community\VC\Tools\MSVC\14.16.27023\include"/>
					<Add directory="D:\Windows Kits\10\include\10.0.26100.0\ucrt"/>
					<Add directory="D:\Windows Kits\10\include\10.0.26100.0\shared"/>
					<Add directory="D:\Windows Kits\10\include\10.0.26100.0\um"/>
					<Add directory="D:\Windows Kits\10\include\10.0.26100.0\winrt"/>
					<Add directory="D:\Windows Kits\10\include\10.0.26100.0\cppwinrt"/>
				</Compiler>
				<MakeCommands>
					<Build command="C:/PROGRA~1/MICROS~4/2022/COMMUN~1/Common7/IDE/COMMON~1/MICROS~1/CMake/Ninja/ninja.exe -v dependency_probe"/>
					<CompileFile command="C:/PROGRA~1/MICROS~4/2022/COMMUN~1/Common7/IDE/COMMON~1/MICROS~1/CMake/Ninja/ninja.exe -v &quot;$file&quot;"/>
					<Clean command="C:/PROGRA~1/MICROS~4/2022/COMMUN~1/Common7/IDE/COMMON~1/MICROS~1/CMake/Ninja/ninja.exe -v clean"/>
					<DistClean command="C:/PROGRA~1/MICROS~4/2022/COMMUN~1/Common7/IDE/COMMON~1/MICROS~1/CMake/Ninja/ninja.exe -v clean"/>
				</MakeCommands>
			</Target>
			<Target title="dependency_probe/fast">
				<Option output="D:/Gitee.code/401_-demo/dependency_probe.exe" prefix_auto="0" extension_auto="0"/>
				<Option working_dir="D:/Gitee.code/401_-demo"/>
				<Option object_output="./"/>
				<Option type="1"/>
				<Option compiler="msvc8"/>
				<Compiler>
					<Add option="-DTLS401_HAS_RFID_SDK"/>
					<Add option="-DTLS401_HAS_IDS_PEAK"/>
					<Add option="-DQT_CORE_LIB"/>
					<Add option="-DQT_WIDGETS_LIB"/>
					<Add option="-DQT_GUI_LIB"/>
					<Add option="-DQT_SQL_LIB"/>
					<Add directory="D:/Gitee.code/401_-demo/dependency_probe_autogen/include"/>
					<Add directory="D:/QT5/5.14.2/msvc2017/include"/>
					<Add directory="D:/QT5/5.14.2/msvc2017/include/QtCore"/>
					<Add directory="D:/QT5/5.14.2/msvc2017/./mkspecs/win32-msvc"/>
					<Add directory="D:/QT5/5.14.2/msvc2017/include/QtWidgets"/>
					<Add directory="D:/QT5/5.14.2/msvc2017/include/QtGui"/>
					<Add directory="D:/QT5/5.14.2/msvc2017/include/QtANGLE"/>
					<Add directory="D:/QT5/5.14.2/msvc2017/include/QtSql"/>
					<Add directory="D:/Gitee.code/qt-learning/code/hf_R-Tool/QT_project/hf_tagaccess/c++_lib/inc"/>
					<Add directory="C:/Program Files/IDS/ids_peak/generic_sdk/api/include"/>
					<Add directory="C:/Program Files/IDS/ids_peak/generic_sdk/ipl/include"/>
					<Add directory="C:/Program Files/IDS/ids_peak/common/include"/>
					<Add directory="D:\Program Files (x86)\Microsoft Visual Studio\2017\Community\VC\Tools\MSVC\14.16.27023\ATLMFC\include"/>
					<Add directory="D:\Program Files (x86)\Microsoft Visual Studio\2017\Community\VC\Tools\MSVC\14.16.27023\include"/>
					<Add directory="D:\Windows Kits\10\include\10.0.26100.0\ucrt"/>
					<Add directory="D:\Windows Kits\10\include\10.0.26100.0\shared"/>
					<Add directory="D:\Windows Kits\10\include\10.0.26100.0\um"/>
					<Add directory="D:\Windows Kits\10\include\10.0.26100.0\winrt"/>
					<Add directory="D:\Windows Kits\10\include\10.0.26100.0\cppwinrt"/>
				</Compiler>
				<MakeCommands>
					<Build command="C:/PROGRA~1/MICROS~4/2022/COMMUN~1/Common7/IDE/COMMON~1/MICROS~1/CMake/Ninja/ninja.exe -v dependency_probe/fast"/>
					<CompileFile command="C:/PROGRA~1/MICROS~4/2022/COMMUN~1/Common7/IDE/COMMON~1/MICROS~1/CMake/Ninja/ninja.exe -v &quot;$file&quot;"/>
					<Clean command="C:/PROGRA~1/MICROS~4/2022/COMMUN~1/Common7/IDE/COMMON~1/MICROS~1/CMake/Ninja/ninja.exe -v clean"/>
					<DistClean command="C:/PROGRA~1/MICROS~4/2022/COMMUN~1/Common7/IDE/COMMON~1/MICROS~1/CMake/Ninja/ninja.exe -v clean"/>
				</MakeCommands>
			</Target>
			<Target title="tst_workflow">
				<Option output="D:/Gitee.code/401_-demo/tst_workflow.exe" prefix_auto="0" extension_auto="0"/>
				<Option working_dir="D:/Gitee.code/401_-demo"/>
				<Option object_output="./"/>
				<Option type="1"/>
				<Option compiler="msvc8"/>
				<Compiler>
					<Add option="-DQT_CORE_LIB"/>
					<Add option="-DQT_GUI_LIB"/>
					<Add option="-DQT_SQL_LIB"/>
					<Add option="-DQT_TESTLIB_LIB"/>
					<Add option="-DQT_TESTCASE_BUILDDIR=&quot;D:/Gitee.code/401_-demo&quot;"/>
					<Add directory="D:/Gitee.code/401_-demo/tst_workflow_autogen/include"/>
					<Add directory="D:/Gitee.code/401_-demo/src"/>
					<Add directory="D:/QT5/5.14.2/msvc2017/include"/>
					<Add directory="D:/QT5/5.14.2/msvc2017/include/QtCore"/>
					<Add directory="D:/QT5/5.14.2/msvc2017/./mkspecs/win32-msvc"/>
					<Add directory="D:/QT5/5.14.2/msvc2017/include/QtGui"/>
					<Add directory="D:/QT5/5.14.2/msvc2017/include/QtANGLE"/>
					<Add directory="D:/QT5/5.14.2/msvc2017/include/QtSql"/>
					<Add directory="D:/QT5/5.14.2/msvc2017/include/QtTest"/>
					<Add directory="D:\Program Files (x86)\Microsoft Visual Studio\2017\Community\VC\Tools\MSVC\14.16.27023\ATLMFC\include"/>
					<Add directory="D:\Program Files (x86)\Microsoft Visual Studio\2017\Community\VC\Tools\MSVC\14.16.27023\include"/>
					<Add directory="D:\Windows Kits\10\include\10.0.26100.0\ucrt"/>
					<Add directory="D:\Windows Kits\10\include\10.0.26100.0\shared"/>
					<Add directory="D:\Windows Kits\10\include\10.0.26100.0\um"/>
					<Add directory="D:\Windows Kits\10\include\10.0.26100.0\winrt"/>
					<Add directory="D:\Windows Kits\10\include\10.0.26100.0\cppwinrt"/>
				</Compiler>
				<MakeCommands>
					<Build command="C:/PROGRA~1/MICROS~4/2022/COMMUN~1/Common7/IDE/COMMON~1/MICROS~1/CMake/Ninja/ninja.exe -v tst_workflow"/>
					<CompileFile command="C:/PROGRA~1/MICROS~4/2022/COMMUN~1/Common7/IDE/COMMON~1/MICROS~1/CMake/Ninja/ninja.exe -v &quot;$file&quot;"/>
					<Clean command="C:/PROGRA~1/MICROS~4/2022/COMMUN~1/Common7/IDE/COMMON~1/MICROS~1/CMake/Ninja/ninja.exe -v clean"/>
					<DistClean command="C:/PROGRA~1/MICROS~4/2022/COMMUN~1/Common7/IDE/COMMON~1/MICROS~1/CMake/Ninja/ninja.exe -v clean"/>
				</MakeCommands>
			</Target>
			<Target title="tst_workflow/fast">
				<Option output="D:/Gitee.code/401_-demo/tst_workflow.exe" prefix_auto="0" extension_auto="0"/>
				<Option working_dir="D:/Gitee.code/401_-demo"/>
				<Option object_output="./"/>
				<Option type="1"/>
				<Option compiler="msvc8"/>
				<Compiler>
					<Add option="-DQT_CORE_LIB"/>
					<Add option="-DQT_GUI_LIB"/>
					<Add option="-DQT_SQL_LIB"/>
					<Add option="-DQT_TESTLIB_LIB"/>
					<Add option="-DQT_TESTCASE_BUILDDIR=&quot;D:/Gitee.code/401_-demo&quot;"/>
					<Add directory="D:/Gitee.code/401_-demo/tst_workflow_autogen/include"/>
					<Add directory="D:/Gitee.code/401_-demo/src"/>
					<Add directory="D:/QT5/5.14.2/msvc2017/include"/>
					<Add directory="D:/QT5/5.14.2/msvc2017/include/QtCore"/>
					<Add directory="D:/QT5/5.14.2/msvc2017/./mkspecs/win32-msvc"/>
					<Add directory="D:/QT5/5.14.2/msvc2017/include/QtGui"/>
					<Add directory="D:/QT5/5.14.2/msvc2017/include/QtANGLE"/>
					<Add directory="D:/QT5/5.14.2/msvc2017/include/QtSql"/>
					<Add directory="D:/QT5/5.14.2/msvc2017/include/QtTest"/>
					<Add directory="D:\Program Files (x86)\Microsoft Visual Studio\2017\Community\VC\Tools\MSVC\14.16.27023\ATLMFC\include"/>
					<Add directory="D:\Program Files (x86)\Microsoft Visual Studio\2017\Community\VC\Tools\MSVC\14.16.27023\include"/>
					<Add directory="D:\Windows Kits\10\include\10.0.26100.0\ucrt"/>
					<Add directory="D:\Windows Kits\10\include\10.0.26100.0\shared"/>
					<Add directory="D:\Windows Kits\10\include\10.0.26100.0\um"/>
					<Add directory="D:\Windows Kits\10\include\10.0.26100.0\winrt"/>
					<Add directory="D:\Windows Kits\10\include\10.0.26100.0\cppwinrt"/>
				</Compiler>
				<MakeCommands>
					<Build command="C:/PROGRA~1/MICROS~4/2022/COMMUN~1/Common7/IDE/COMMON~1/MICROS~1/CMake/Ninja/ninja.exe -v tst_workflow/fast"/>
					<CompileFile command="C:/PROGRA~1/MICROS~4/2022/COMMUN~1/Common7/IDE/COMMON~1/MICROS~1/CMake/Ninja/ninja.exe -v &quot;$file&quot;"/>
					<Clean command="C:/PROGRA~1/MICROS~4/2022/COMMUN~1/Common7/IDE/COMMON~1/MICROS~1/CMake/Ninja/ninja.exe -v clean"/>
					<DistClean command="C:/PROGRA~1/MICROS~4/2022/COMMUN~1/Common7/IDE/COMMON~1/MICROS~1/CMake/Ninja/ninja.exe -v clean"/>
				</MakeCommands>
			</Target>
			<Target title="test">
				<Option working_dir="D:/Gitee.code/401_-demo"/>
				<Option type="4"/>
				<MakeCommands>
					<Build command="C:/PROGRA~1/MICROS~4/2022/COMMUN~1/Common7/IDE/COMMON~1/MICROS~1/CMake/Ninja/ninja.exe -v test"/>
					<CompileFile command="C:/PROGRA~1/MICROS~4/2022/COMMUN~1/Common7/IDE/COMMON~1/MICROS~1/CMake/Ninja/ninja.exe -v &quot;$file&quot;"/>
					<Clean command="C:/PROGRA~1/MICROS~4/2022/COMMUN~1/Common7/IDE/COMMON~1/MICROS~1/CMake/Ninja/ninja.exe -v clean"/>
					<DistClean command="C:/PROGRA~1/MICROS~4/2022/COMMUN~1/Common7/IDE/COMMON~1/MICROS~1/CMake/Ninja/ninja.exe -v clean"/>
				</MakeCommands>
			</Target>
			<Target title="edit_cache">
				<Option working_dir="D:/Gitee.code/401_-demo"/>
				<Option type="4"/>
				<MakeCommands>
					<Build command="C:/PROGRA~1/MICROS~4/2022/COMMUN~1/Common7/IDE/COMMON~1/MICROS~1/CMake/Ninja/ninja.exe -v edit_cache"/>
					<CompileFile command="C:/PROGRA~1/MICROS~4/2022/COMMUN~1/Common7/IDE/COMMON~1/MICROS~1/CMake/Ninja/ninja.exe -v &quot;$file&quot;"/>
					<Clean command="C:/PROGRA~1/MICROS~4/2022/COMMUN~1/Common7/IDE/COMMON~1/MICROS~1/CMake/Ninja/ninja.exe -v clean"/>
					<DistClean command="C:/PROGRA~1/MICROS~4/2022/COMMUN~1/Common7/IDE/COMMON~1/MICROS~1/CMake/Ninja/ninja.exe -v clean"/>
				</MakeCommands>
			</Target>
			<Target title="rebuild_cache">
				<Option working_dir="D:/Gitee.code/401_-demo"/>
				<Option type="4"/>
				<MakeCommands>
					<Build command="C:/PROGRA~1/MICROS~4/2022/COMMUN~1/Common7/IDE/COMMON~1/MICROS~1/CMake/Ninja/ninja.exe -v rebuild_cache"/>
					<CompileFile command="C:/PROGRA~1/MICROS~4/2022/COMMUN~1/Common7/IDE/COMMON~1/MICROS~1/CMake/Ninja/ninja.exe -v &quot;$file&quot;"/>
					<Clean command="C:/PROGRA~1/MICROS~4/2022/COMMUN~1/Common7/IDE/COMMON~1/MICROS~1/CMake/Ninja/ninja.exe -v clean"/>
					<DistClean command="C:/PROGRA~1/MICROS~4/2022/COMMUN~1/Common7/IDE/COMMON~1/MICROS~1/CMake/Ninja/ninja.exe -v clean"/>
				</MakeCommands>
			</Target>
			<Target title="tls401_demo_autogen">
				<Option working_dir="D:/Gitee.code/401_-demo"/>
				<Option type="4"/>
				<MakeCommands>
					<Build command="C:/PROGRA~1/MICROS~4/2022/COMMUN~1/Common7/IDE/COMMON~1/MICROS~1/CMake/Ninja/ninja.exe -v tls401_demo_autogen"/>
					<CompileFile command="C:/PROGRA~1/MICROS~4/2022/COMMUN~1/Common7/IDE/COMMON~1/MICROS~1/CMake/Ninja/ninja.exe -v &quot;$file&quot;"/>
					<Clean command="C:/PROGRA~1/MICROS~4/2022/COMMUN~1/Common7/IDE/COMMON~1/MICROS~1/CMake/Ninja/ninja.exe -v clean"/>
					<DistClean command="C:/PROGRA~1/MICROS~4/2022/COMMUN~1/Common7/IDE/COMMON~1/MICROS~1/CMake/Ninja/ninja.exe -v clean"/>
				</MakeCommands>
			</Target>
			<Target title="dependency_probe_autogen">
				<Option working_dir="D:/Gitee.code/401_-demo"/>
				<Option type="4"/>
				<MakeCommands>
					<Build command="C:/PROGRA~1/MICROS~4/2022/COMMUN~1/Common7/IDE/COMMON~1/MICROS~1/CMake/Ninja/ninja.exe -v dependency_probe_autogen"/>
					<CompileFile command="C:/PROGRA~1/MICROS~4/2022/COMMUN~1/Common7/IDE/COMMON~1/MICROS~1/CMake/Ninja/ninja.exe -v &quot;$file&quot;"/>
					<Clean command="C:/PROGRA~1/MICROS~4/2022/COMMUN~1/Common7/IDE/COMMON~1/MICROS~1/CMake/Ninja/ninja.exe -v clean"/>
					<DistClean command="C:/PROGRA~1/MICROS~4/2022/COMMUN~1/Common7/IDE/COMMON~1/MICROS~1/CMake/Ninja/ninja.exe -v clean"/>
				</MakeCommands>
			</Target>
			<Target title="tst_workflow_autogen">
				<Option working_dir="D:/Gitee.code/401_-demo"/>
				<Option type="4"/>
				<MakeCommands>
					<Build command="C:/PROGRA~1/MICROS~4/2022/COMMUN~1/Common7/IDE/COMMON~1/MICROS~1/CMake/Ninja/ninja.exe -v tst_workflow_autogen"/>
					<CompileFile command="C:/PROGRA~1/MICROS~4/2022/COMMUN~1/Common7/IDE/COMMON~1/MICROS~1/CMake/Ninja/ninja.exe -v &quot;$file&quot;"/>
					<Clean command="C:/PROGRA~1/MICROS~4/2022/COMMUN~1/Common7/IDE/COMMON~1/MICROS~1/CMake/Ninja/ninja.exe -v clean"/>
					<DistClean command="C:/PROGRA~1/MICROS~4/2022/COMMUN~1/Common7/IDE/COMMON~1/MICROS~1/CMake/Ninja/ninja.exe -v clean"/>
				</MakeCommands>
			</Target>
		</Build>
		<Unit filename="D:/Gitee.code/401_-demo/dependency_probe_autogen/include/src/ui/ui_mainwindow.h">
			<Option target="dependency_probe"/>
		</Unit>
		<Unit filename="D:/Gitee.code/401_-demo/dependency_probe_autogen/mocs_compilation.cpp">
			<Option target="dependency_probe"/>
		</Unit>
		<Unit filename="D:/Gitee.code/401_-demo/probes/dependencyprobe.cpp">
			<Option target="dependency_probe"/>
		</Unit>
		<Unit filename="D:/Gitee.code/401_-demo/resources/resources.qrc">
			<Option target="tls401_demo"/>
		</Unit>
		<Unit filename="D:/Gitee.code/401_-demo/src/app/applicationcontroller.cpp">
			<Option target="tls401_demo"/>
			<Option target="tst_workflow"/>
		</Unit>
		<Unit filename="D:/Gitee.code/401_-demo/src/app/applicationcontroller.h">
			<Option target="tls401_demo"/>
			<Option target="tst_workflow"/>
		</Unit>
		<Unit filename="D:/Gitee.code/401_-demo/src/app/workflowservices.cpp">
			<Option target="tls401_demo"/>
			<Option target="tst_workflow"/>
		</Unit>
		<Unit filename="D:/Gitee.code/401_-demo/src/app/workflowservices.h">
			<Option target="tls401_demo"/>
			<Option target="tst_workflow"/>
		</Unit>
		<Unit filename="D:/Gitee.code/401_-demo/src/devices/deviceinterfaces.h">
			<Option target="tls401_demo"/>
			<Option target="tst_workflow"/>
		</Unit>
		<Unit filename="D:/Gitee.code/401_-demo/src/devices/realdevices.cpp">
			<Option target="tls401_demo"/>
			<Option target="tst_workflow"/>
		</Unit>
		<Unit filename="D:/Gitee.code/401_-demo/src/devices/realdevices.h">
			<Option target="tls401_demo"/>
			<Option target="tst_workflow"/>
		</Unit>
		<Unit filename="D:/Gitee.code/401_-demo/src/devices/rfidpayloadcodec.cpp">
			<Option target="tls401_demo"/>
			<Option target="tst_workflow"/>
		</Unit>
		<Unit filename="D:/Gitee.code/401_-demo/src/devices/rfidpayloadcodec.h">
			<Option target="tls401_demo"/>
			<Option target="tst_workflow"/>
		</Unit>
		<Unit filename="D:/Gitee.code/401_-demo/src/domain/models.h">
			<Option target="tls401_demo"/>
			<Option target="tst_workflow"/>
		</Unit>
		<Unit filename="D:/Gitee.code/401_-demo/src/main.cpp">
			<Option target="tls401_demo"/>
		</Unit>
		<Unit filename="D:/Gitee.code/401_-demo/src/storage/database.cpp">
			<Option target="tls401_demo"/>
			<Option target="tst_workflow"/>
		</Unit>
		<Unit filename="D:/Gitee.code/401_-demo/src/storage/database.h">
			<Option target="tls401_demo"/>
			<Option target="tst_workflow"/>
		</Unit>
		<Unit filename="D:/Gitee.code/401_-demo/src/storage/imagefilestore.cpp">
			<Option target="tls401_demo"/>
			<Option target="tst_workflow"/>
		</Unit>
		<Unit filename="D:/Gitee.code/401_-demo/src/storage/imagefilestore.h">
			<Option target="tls401_demo"/>
			<Option target="tst_workflow"/>
		</Unit>
		<Unit filename="D:/Gitee.code/401_-demo/src/storage/repository.cpp">
			<Option target="tls401_demo"/>
			<Option target="tst_workflow"/>
		</Unit>
		<Unit filename="D:/Gitee.code/401_-demo/src/storage/repository.h">
			<Option target="tls401_demo"/>
			<Option target="tst_workflow"/>
		</Unit>
		<Unit filename="D:/Gitee.code/401_-demo/src/ui/mainwindow.cpp">
			<Option target="tls401_demo"/>
		</Unit>
		<Unit filename="D:/Gitee.code/401_-demo/src/ui/mainwindow.h">
			<Option target="tls401_demo"/>
		</Unit>
		<Unit filename="D:/Gitee.code/401_-demo/src/ui/mainwindow.ui">
			<Option target="tls401_demo"/>
		</Unit>
		<Unit filename="D:/Gitee.code/401_-demo/tests/tst_workflow.cpp">
			<Option target="tst_workflow"/>
		</Unit>
		<Unit filename="D:/Gitee.code/401_-demo/tls401_demo_autogen/3YJK5W5UP7/qrc_resources.cpp">
			<Option target="tls401_demo"/>
		</Unit>
		<Unit filename="D:/Gitee.code/401_-demo/tls401_demo_autogen/3YJK5W5UP7/qrc_resources.cpp.rule">
			<Option target="tls401_demo"/>
		</Unit>
		<Unit filename="D:/Gitee.code/401_-demo/tls401_demo_autogen/include/src/ui/ui_mainwindow.h">
			<Option target="tls401_demo"/>
		</Unit>
		<Unit filename="D:/Gitee.code/401_-demo/tls401_demo_autogen/mocs_compilation.cpp">
			<Option target="tls401_demo"/>
		</Unit>
		<Unit filename="D:/Gitee.code/401_-demo/tst_workflow_autogen/include/src/ui/ui_mainwindow.h">
			<Option target="tst_workflow"/>
		</Unit>
		<Unit filename="D:/Gitee.code/401_-demo/tst_workflow_autogen/mocs_compilation.cpp">
			<Option target="tst_workflow"/>
		</Unit>
		<Unit filename="D:/Gitee.code/401_-demo/CMakeLists.txt">
			<Option virtualFolder="CMake Files\"/>
		</Unit>
		<Unit filename="D:/Gitee.code/401_-demo/../../QT5/5.14.2/msvc2017/lib/cmake/Qt5/Qt5Config.cmake">
			<Option virtualFolder="CMake Files\..\..\QT5\5.14.2\msvc2017\lib\cmake\Qt5\"/>
		</Unit>
		<Unit filename="D:/Gitee.code/401_-demo/../../QT5/5.14.2/msvc2017/lib/cmake/Qt5/Qt5ConfigVersion.cmake">
			<Option virtualFolder="CMake Files\..\..\QT5\5.14.2\msvc2017\lib\cmake\Qt5\"/>
		</Unit>
		<Unit filename="D:/Gitee.code/401_-demo/../../QT5/5.14.2/msvc2017/lib/cmake/Qt5/Qt5ModuleLocation.cmake">
			<Option virtualFolder="CMake Files\..\..\QT5\5.14.2\msvc2017\lib\cmake\Qt5\"/>
		</Unit>
		<Unit filename="D:/Gitee.code/401_-demo/../../QT5/5.14.2/msvc2017/lib/cmake/Qt5Core/Qt5CoreConfig.cmake">
			<Option virtualFolder="CMake Files\..\..\QT5\5.14.2\msvc2017\lib\cmake\Qt5Core\"/>
		</Unit>
		<Unit filename="D:/Gitee.code/401_-demo/../../QT5/5.14.2/msvc2017/lib/cmake/Qt5Core/Qt5CoreConfigExtras.cmake">
			<Option virtualFolder="CMake Files\..\..\QT5\5.14.2\msvc2017\lib\cmake\Qt5Core\"/>
		</Unit>
		<Unit filename="D:/Gitee.code/401_-demo/../../QT5/5.14.2/msvc2017/lib/cmake/Qt5Core/Qt5CoreConfigExtrasMkspecDir.cmake">
			<Option virtualFolder="CMake Files\..\..\QT5\5.14.2\msvc2017\lib\cmake\Qt5Core\"/>
		</Unit>
		<Unit filename="D:/Gitee.code/401_-demo/../../QT5/5.14.2/msvc2017/lib/cmake/Qt5Core/Qt5CoreConfigVersion.cmake">
			<Option virtualFolder="CMake Files\..\..\QT5\5.14.2\msvc2017\lib\cmake\Qt5Core\"/>
		</Unit>
		<Unit filename="D:/Gitee.code/401_-demo/../../QT5/5.14.2/msvc2017/lib/cmake/Qt5Core/Qt5CoreMacros.cmake">
			<Option virtualFolder="CMake Files\..\..\QT5\5.14.2\msvc2017\lib\cmake\Qt5Core\"/>
		</Unit>
		<Unit filename="D:/Gitee.code/401_-demo/../../QT5/5.14.2/msvc2017/lib/cmake/Qt5Gui/Qt5GuiConfig.cmake">
			<Option virtualFolder="CMake Files\..\..\QT5\5.14.2\msvc2017\lib\cmake\Qt5Gui\"/>
		</Unit>
		<Unit filename="D:/Gitee.code/401_-demo/../../QT5/5.14.2/msvc2017/lib/cmake/Qt5Gui/Qt5GuiConfigExtras.cmake">
			<Option virtualFolder="CMake Files\..\..\QT5\5.14.2\msvc2017\lib\cmake\Qt5Gui\"/>
		</Unit>
		<Unit filename="D:/Gitee.code/401_-demo/../../QT5/5.14.2/msvc2017/lib/cmake/Qt5Gui/Qt5GuiConfigVersion.cmake">
			<Option virtualFolder="CMake Files\..\..\QT5\5.14.2\msvc2017\lib\cmake\Qt5Gui\"/>
		</Unit>
		<Unit filename="D:/Gitee.code/401_-demo/../../QT5/5.14.2/msvc2017/lib/cmake/Qt5Gui/Qt5Gui_QGifPlugin.cmake">
			<Option virtualFolder="CMake Files\..\..\QT5\5.14.2\msvc2017\lib\cmake\Qt5Gui\"/>
		</Unit>
		<Unit filename="D:/Gitee.code/401_-demo/../../QT5/5.14.2/msvc2017/lib/cmake/Qt5Gui/Qt5Gui_QICNSPlugin.cmake">
			<Option virtualFolder="CMake Files\..\..\QT5\5.14.2\msvc2017\lib\cmake\Qt5Gui\"/>
		</Unit>
		<Unit filename="D:/Gitee.code/401_-demo/../../QT5/5.14.2/msvc2017/lib/cmake/Qt5Gui/Qt5Gui_QICOPlugin.cmake">
			<Option virtualFolder="CMake Files\..\..\QT5\5.14.2\msvc2017\lib\cmake\Qt5Gui\"/>
		</Unit>
		<Unit filename="D:/Gitee.code/401_-demo/../../QT5/5.14.2/msvc2017/lib/cmake/Qt5Gui/Qt5Gui_QJpegPlugin.cmake">
			<Option virtualFolder="CMake Files\..\..\QT5\5.14.2\msvc2017\lib\cmake\Qt5Gui\"/>
		</Unit>
		<Unit filename="D:/Gitee.code/401_-demo/../../QT5/5.14.2/msvc2017/lib/cmake/Qt5Gui/Qt5Gui_QMinimalIntegrationPlugin.cmake">
			<Option virtualFolder="CMake Files\..\..\QT5\5.14.2\msvc2017\lib\cmake\Qt5Gui\"/>
		</Unit>
		<Unit filename="D:/Gitee.code/401_-demo/../../QT5/5.14.2/msvc2017/lib/cmake/Qt5Gui/Qt5Gui_QOffscreenIntegrationPlugin.cmake">
			<Option virtualFolder="CMake Files\..\..\QT5\5.14.2\msvc2017\lib\cmake\Qt5Gui\"/>
		</Unit>
		<Unit filename="D:/Gitee.code/401_-demo/../../QT5/5.14.2/msvc2017/lib/cmake/Qt5Gui/Qt5Gui_QSvgIconPlugin.cmake">
			<Option virtualFolder="CMake Files\..\..\QT5\5.14.2\msvc2017\lib\cmake\Qt5Gui\"/>
		</Unit>
		<Unit filename="D:/Gitee.code/401_-demo/../../QT5/5.14.2/msvc2017/lib/cmake/Qt5Gui/Qt5Gui_QSvgPlugin.cmake">
			<Option virtualFolder="CMake Files\..\..\QT5\5.14.2\msvc2017\lib\cmake\Qt5Gui\"/>
		</Unit>
		<Unit filename="D:/Gitee.code/401_-demo/../../QT5/5.14.2/msvc2017/lib/cmake/Qt5Gui/Qt5Gui_QTgaPlugin.cmake">
			<Option virtualFolder="CMake Files\..\..\QT5\5.14.2\msvc2017\lib\cmake\Qt5Gui\"/>
		</Unit>
		<Unit filename="D:/Gitee.code/401_-demo/../../QT5/5.14.2/msvc2017/lib/cmake/Qt5Gui/Qt5Gui_QTiffPlugin.cmake">
			<Option virtualFolder="CMake Files\..\..\QT5\5.14.2\msvc2017\lib\cmake\Qt5Gui\"/>
		</Unit>
		<Unit filename="D:/Gitee.code/401_-demo/../../QT5/5.14.2/msvc2017/lib/cmake/Qt5Gui/Qt5Gui_QTuioTouchPlugin.cmake">
			<Option virtualFolder="CMake Files\..\..\QT5\5.14.2\msvc2017\lib\cmake\Qt5Gui\"/>
		</Unit>
		<Unit filename="D:/Gitee.code/401_-demo/../../QT5/5.14.2/msvc2017/lib/cmake/Qt5Gui/Qt5Gui_QWbmpPlugin.cmake">
			<Option virtualFolder="CMake Files\..\..\QT5\5.14.2\msvc2017\lib\cmake\Qt5Gui\"/>
		</Unit>
		<Unit filename="D:/Gitee.code/401_-demo/../../QT5/5.14.2/msvc2017/lib/cmake/Qt5Gui/Qt5Gui_QWebpPlugin.cmake">
			<Option virtualFolder="CMake Files\..\..\QT5\5.14.2\msvc2017\lib\cmake\Qt5Gui\"/>
		</Unit>
		<Unit filename="D:/Gitee.code/401_-demo/../../QT5/5.14.2/msvc2017/lib/cmake/Qt5Gui/Qt5Gui_QWindowsDirect2DIntegrationPlugin.cmake">
			<Option virtualFolder="CMake Files\..\..\QT5\5.14.2\msvc2017\lib\cmake\Qt5Gui\"/>
		</Unit>
		<Unit filename="D:/Gitee.code/401_-demo/../../QT5/5.14.2/msvc2017/lib/cmake/Qt5Gui/Qt5Gui_QWindowsIntegrationPlugin.cmake">
			<Option virtualFolder="CMake Files\..\..\QT5\5.14.2\msvc2017\lib\cmake\Qt5Gui\"/>
		</Unit>
		<Unit filename="D:/Gitee.code/401_-demo/../../QT5/5.14.2/msvc2017/lib/cmake/Qt5Gui/Qt5Gui_QXdgDesktopPortalThemePlugin.cmake">
			<Option virtualFolder="CMake Files\..\..\QT5\5.14.2\msvc2017\lib\cmake\Qt5Gui\"/>
		</Unit>
		<Unit filename="D:/Gitee.code/401_-demo/../../QT5/5.14.2/msvc2017/lib/cmake/Qt5Widgets/Qt5WidgetsConfig.cmake">
			<Option virtualFolder="CMake Files\..\..\QT5\5.14.2\msvc2017\lib\cmake\Qt5Widgets\"/>
		</Unit>
		<Unit filename="D:/Gitee.code/401_-demo/../../QT5/5.14.2/msvc2017/lib/cmake/Qt5Widgets/Qt5WidgetsConfigExtras.cmake">
			<Option virtualFolder="CMake Files\..\..\QT5\5.14.2\msvc2017\lib\cmake\Qt5Widgets\"/>
		</Unit>
		<Unit filename="D:/Gitee.code/401_-demo/../../QT5/5.14.2/msvc2017/lib/cmake/Qt5Widgets/Qt5WidgetsConfigVersion.cmake">
			<Option virtualFolder="CMake Files\..\..\QT5\5.14.2\msvc2017\lib\cmake\Qt5Widgets\"/>
		</Unit>
		<Unit filename="D:/Gitee.code/401_-demo/../../QT5/5.14.2/msvc2017/lib/cmake/Qt5Widgets/Qt5WidgetsMacros.cmake">
			<Option virtualFolder="CMake Files\..\..\QT5\5.14.2\msvc2017\lib\cmake\Qt5Widgets\"/>
		</Unit>
		<Unit filename="D:/Gitee.code/401_-demo/../../QT5/5.14.2/msvc2017/lib/cmake/Qt5Widgets/Qt5Widgets_QWindowsVistaStylePlugin.cmake">
			<Option virtualFolder="CMake Files\..\..\QT5\5.14.2\msvc2017\lib\cmake\Qt5Widgets\"/>
		</Unit>
		<Unit filename="D:/Gitee.code/401_-demo/../../QT5/5.14.2/msvc2017/lib/cmake/Qt5Sql/Qt5SqlConfig.cmake">
			<Option virtualFolder="CMake Files\..\..\QT5\5.14.2\msvc2017\lib\cmake\Qt5Sql\"/>
		</Unit>
		<Unit filename="D:/Gitee.code/401_-demo/../../QT5/5.14.2/msvc2017/lib/cmake/Qt5Sql/Qt5SqlConfigVersion.cmake">
			<Option virtualFolder="CMake Files\..\..\QT5\5.14.2\msvc2017\lib\cmake\Qt5Sql\"/>
		</Unit>
		<Unit filename="D:/Gitee.code/401_-demo/../../QT5/5.14.2/msvc2017/lib/cmake/Qt5Sql/Qt5Sql_QODBCDriverPlugin.cmake">
			<Option virtualFolder="CMake Files\..\..\QT5\5.14.2\msvc2017\lib\cmake\Qt5Sql\"/>
		</Unit>
		<Unit filename="D:/Gitee.code/401_-demo/../../QT5/5.14.2/msvc2017/lib/cmake/Qt5Sql/Qt5Sql_QPSQLDriverPlugin.cmake">
			<Option virtualFolder="CMake Files\..\..\QT5\5.14.2\msvc2017\lib\cmake\Qt5Sql\"/>
		</Unit>
		<Unit filename="D:/Gitee.code/401_-demo/../../QT5/5.14.2/msvc2017/lib/cmake/Qt5Sql/Qt5Sql_QSQLiteDriverPlugin.cmake">
			<Option virtualFolder="CMake Files\..\..\QT5\5.14.2\msvc2017\lib\cmake\Qt5Sql\"/>
		</Unit>
		<Unit filename="D:/Gitee.code/401_-demo/../../QT5/5.14.2/msvc2017/lib/cmake/Qt5Test/Qt5TestConfig.cmake">
			<Option virtualFolder="CMake Files\..\..\QT5\5.14.2\msvc2017\lib\cmake\Qt5Test\"/>
		</Unit>
		<Unit filename="D:/Gitee.code/401_-demo/../../QT5/5.14.2/msvc2017/lib/cmake/Qt5Test/Qt5TestConfigExtras.cmake">
			<Option virtualFolder="CMake Files\..\..\QT5\5.14.2\msvc2017\lib\cmake\Qt5Test\"/>
		</Unit>
		<Unit filename="D:/Gitee.code/401_-demo/../../QT5/5.14.2/msvc2017/lib/cmake/Qt5Test/Qt5TestConfigVersion.cmake">
			<Option virtualFolder="CMake Files\..\..\QT5\5.14.2\msvc2017\lib\cmake\Qt5Test\"/>
		</Unit>
		<Unit filename="D:/Gitee.code/401_-demo/cmake/FindIdsPeakSdk.cmake">
			<Option virtualFolder="CMake Files\cmake\"/>
		</Unit>
		<Unit filename="D:/Gitee.code/401_-demo/cmake/FindRfidSdk.cmake">
			<Option virtualFolder="CMake Files\cmake\"/>
		</Unit>
		<Unit filename="D:/Gitee.code/401_-demo/resources/resources.qrc">
			<Option virtualFolder="CMake Files\resources\"/>
		</Unit>
	</Project>
</CodeBlocks_project_file>
